<?xml version="1.0" encoding="utf-8"?>
<Project ToolsVersion="4.0" xmlns="http://schemas.microsoft.com/developer/msbuild/2003">
  <ItemGroup>
    <Filter Include="src">
      <UniqueIdentifier>{b3d59dec-93fa-475a-bed1-757cf7f8457a}</UniqueIdentifier>
    </Filter>
    <Filter Include="src\Math">
      <UniqueIdentifier>{cf5a92d4-9504-403e-ad98-a9f4238154d3}</UniqueIdentifier>
    </Filter>
    <Filter Include="src\Game">
      <UniqueIdentifier>{b78c31f4-beb9-4b17-9dcd-4c62c497edc6}</UniqueIdentifier>
    </Filter>
    <Filter Include="src\Scene">
      <UniqueIdentifier>{8774ae09-aff2-4a1e-8bd1-4c2d7a5bf4b8}</UniqueIdentifier>
    </Filter>
    <Filter Include="src\Widgets">
      <UniqueIdentifier>{0ad0255e-e05d-4b6e-a0e6-4627e0723654}</UniqueIdentifier>
    </Filter>
  </ItemGroup>
  <ItemGroup>
    <ClCompile Include="Widgets\Button.cpp">
      <Filter>src\Widgets</Filter>
    </ClCompile>
    <ClCompile Include="Widgets\TextBox.cpp">
      <Filter>src\Widgets</Filter>
    </ClCompile>
    <ClCompile Include="Math\Point.cpp">
      <Filter>src\Math</Filter>
    </ClCompile>
    <ClCompile Include="Math\Vector.cpp">
      <Filter>src\Math</Filter>
    </ClCompile>
    <ClCompile Include="Scene\GameScene.cpp">
      <Filter>src\Scene</Filter>
    </ClCompile>
    <ClCompile Include="Scene\MainScene.cpp">
      <Filter>src\Scene</Filter>
    </ClCompile>
    <ClCompile Include="Scene\Scene.cpp">
      <Filter>src\Scene</Filter>
    </ClCompile>
    <ClCompile Include="Game\Map.cpp">
      <Filter>src\Game</Filter>
    </ClCompile>
    <ClCompile Include="Game\Object.cpp">
      <Filter>src\Game</Filter>
    </ClCompile>
    <ClCompile Include="Game\Cell.cpp">
      <Filter>src\Game</Filter>
    </ClCompile>
    <ClCompile Include="Game\EnemyCell.cpp">
      <Filter>src\Game</Filter>
    </ClCompile>
    <ClCompile Include="Game\Feed.cpp">
      <Filter>src\Game</Filter>
    </ClCompile>
    <ClCompile Include="Game\Trap.cpp">
      <Filter>src\Game</Filter>
    </ClCompile>
    <ClCompile Include="Game\Virus.cpp">
      <Filter>src\Game</Filter>
    </ClCompile>
    <ClCompile Include="GameManager.cpp">
      <Filter>src</Filter>
    </ClCompile>
    <ClCompile Include="main.cpp">
      <Filter>src</Filter>
    </ClCompile>
    <ClCompile Include="Util.cpp">
      <Filter>src</Filter>
    </ClCompile>
  </ItemGroup>
  <ItemGroup>
    <None Include="README.md" />
  </ItemGroup>
  <ItemGroup>
    <ClInclude Include="Widgets\Button.h">
      <Filter>src\Widgets</Filter>
    </ClInclude>
    <ClInclude Include="Widgets\TextBox.h">
      <Filter>src\Widgets</Filter>
    </ClInclude>
    <ClInclude Include="Math\Point.h">
      <Filter>src\Math</Filter>
    </ClInclude>
    <ClInclude Include="Math\Vector.h">
      <Filter>src\Math</Filter>
    </ClInclude>
    <ClInclude Include="Scene\GameScene.h">
      <Filter>src\Scene</Filter>
    </ClInclude>
    <ClInclude Include="Scene\MainScene.h">
      <Filter>src\Scene</Filter>
    </ClInclude>
    <ClInclude Include="Scene\Scene.h">
      <Filter>src\Scene</Filter>
    </ClInclude>
    <ClInclude Include="Game\Map.h">
      <Filter>src\Game</Filter>
    </ClInclude>
    <ClInclude Include="Game\Object.h">
      <Filter>src\Game</Filter>
    </ClInclude>
    <ClInclude Include="Game\Cell.h">
      <Filter>src\Game</Filter>
    </ClInclude>
    <ClInclude Include="Game\EnemyCell.h">
      <Filter>src\Game</Filter>
    </ClInclude>
    <ClInclude Include="Game\Feed.h">
      <Filter>src\Game</Filter>
    </ClInclude>
    <ClInclude Include="Game\Trap.h">
      <Filter>src\Game</Filter>
    </ClInclude>
    <ClInclude Include="Game\Virus.h">
      <Filter>src\Game</Filter>
    </ClInclude>
    <ClInclude Include="GameManager.h">
      <Filter>src</Filter>
    </ClInclude>
    <ClInclude Include="Util.h">
      <Filter>src</Filter>
    </ClInclude>
  </ItemGroup>
</Project>