<?xml version="1.0" encoding="utf-8"?>
<Project ToolsVersion="4.0" xmlns="http://schemas.microsoft.com/developer/msbuild/2003">
  <ItemGroup>
    <Filter Include="src">
      <UniqueIdentifier>{4FC737F1-C7A5-4376-A066-2A32D752A2FF}</UniqueIdentifier>
      <Extensions>cpp;c;cc;cxx;c++;cppm;ixx;def;odl;idl;hpj;bat;asm;asmx</Extensions>
    </Filter>
    <Filter Include="src\Game">
      <UniqueIdentifier>{617ef33f-0e8e-4641-b398-9839545e2963}</UniqueIdentifier>
    </Filter>
    <Filter Include="src\Math">
      <UniqueIdentifier>{7e795524-4dcc-4e08-87b8-dc3b8a1134f2}</UniqueIdentifier>
    </Filter>
    <Filter Include="src\Scene">
      <UniqueIdentifier>{b8f6b4aa-d01b-4b61-bc52-8ae4b2785afa}</UniqueIdentifier>
    </Filter>
    <Filter Include="src\Widgets">
      <UniqueIdentifier>{62f44c6d-22a6-46fb-a898-f106ac0e860c}</UniqueIdentifier>
    </Filter>
  </ItemGroup>
  <ItemGroup>
    <ClCompile Include="Game\Cell.cpp">
      <Filter>src\Game</Filter>
    </ClCompile>
    <ClCompile Include="Game\EnemyCell.cpp">
      <Filter>src\Game</Filter>
    </ClCompile>
    <ClCompile Include="Game\Feed.cpp">
      <Filter>src\Game</Filter>
    </ClCompile>
    <ClCompile Include="Game\Map.cpp">
      <Filter>src\Game</Filter>
    </ClCompile>
    <ClCompile Include="Game\Object.cpp">
      <Filter>src\Game</Filter>
    </ClCompile>
    <ClCompile Include="Game\Trap.cpp">
      <Filter>src\Game</Filter>
    </ClCompile>
    <ClCompile Include="Game\Virus.cpp">
      <Filter>src\Game</Filter>
    </ClCompile>
    <ClCompile Include="Math\Point.cpp">
      <Filter>src\Math</Filter>
    </ClCompile>
    <ClCompile Include="Math\Vector.cpp">
      <Filter>src\Math</Filter>
    </ClCompile>
    <ClCompile Include="Widgets\Button.cpp">
      <Filter>src\Widgets</Filter>
    </ClCompile>
    <ClCompile Include="Widgets\TextBox.cpp">
      <Filter>src\Widgets</Filter>
    </ClCompile>
    <ClCompile Include="Scene\GameScene.cpp">
      <Filter>src\Scene</Filter>
    </ClCompile>
    <ClCompile Include="Scene\MainScene.cpp">
      <Filter>src\Scene</Filter>
    </ClCompile>
    <ClCompile Include="Scene\Scene.cpp">
      <Filter>src\Scene</Filter>
    </ClCompile>
    <ClCompile Include="GameManager.cpp">
      <Filter>src</Filter>
    </ClCompile>
    <ClCompile Include="main.cpp">
      <Filter>src</Filter>
    </ClCompile>
    <ClCompile Include="Util.cpp">
      <Filter>src</Filter>
    </ClCompile>
  </ItemGroup>
  <ItemGroup>
    <ClInclude Include="Game\Cell.h">
      <Filter>src\Game</Filter>
    </ClInclude>
    <ClInclude Include="Game\EnemyCell.h">
      <Filter>src\Game</Filter>
    </ClInclude>
    <ClInclude Include="Game\Feed.h">
      <Filter>src\Game</Filter>
    </ClInclude>
    <ClInclude Include="Game\Map.h">
      <Filter>src\Game</Filter>
    </ClInclude>
    <ClInclude Include="Game\Object.h">
      <Filter>src\Game</Filter>
    </ClInclude>
    <ClInclude Include="Game\Trap.h">
      <Filter>src\Game</Filter>
    </ClInclude>
    <ClInclude Include="Game\Virus.h">
      <Filter>src\Game</Filter>
    </ClInclude>
    <ClInclude Include="Math\Point.h">
      <Filter>src\Math</Filter>
    </ClInclude>
    <ClInclude Include="Math\Vector.h">
      <Filter>src\Math</Filter>
    </ClInclude>
    <ClInclude Include="Widgets\Button.h">
      <Filter>src\Widgets</Filter>
    </ClInclude>
    <ClInclude Include="Widgets\TextBox.h">
      <Filter>src\Widgets</Filter>
    </ClInclude>
    <ClInclude Include="Scene\GameScene.h">
      <Filter>src\Scene</Filter>
    </ClInclude>
    <ClInclude Include="Scene\MainScene.h">
      <Filter>src\Scene</Filter>
    </ClInclude>
    <ClInclude Include="Scene\Scene.h">
      <Filter>src\Scene</Filter>
    </ClInclude>
    <ClInclude Include="GameManager.h">
      <Filter>src</Filter>
    </ClInclude>
    <ClInclude Include="Util.h">
      <Filter>src</Filter>
    </ClInclude>
  </ItemGroup>
</Project>