
Microsoft Visual Studio Solution File, Format Version 12.00
# Visual Studio Version 17
VisualStudioVersion = 17.11.35327.3
MinimumVisualStudioVersion = 10.0.40219.1
Project("{8BC9CEB8-8B4A-11D0-8D11-00A0C91BC942}") = "Agar_Client", "Agar_Client.vcxproj", "{B1A3513F-5379-4ED6-8439-2C2D69D462DE}"
EndProject
Global
	GlobalSection(SolutionConfigurationPlatforms) = preSolution
		Debug|x64 = Debug|x64
		Debug|x86 = Debug|x86
		Release|x64 = Release|x64
		Release|x86 = Release|x86
	EndGlobalSection
	GlobalSection(ProjectConfigurationPlatforms) = postSolution
		{B1A3513F-5379-4ED6-8439-2C2D69D462DE}.Debug|x64.ActiveCfg = Debug|x64
		{B1A3513F-5379-4ED6-8439-2C2D69D462DE}.Debug|x64.Build.0 = Debug|x64
		{B1A3513F-5379-4ED6-8439-2C2D69D462DE}.Debug|x86.ActiveCfg = Debug|Win32
		{B1A3513F-5379-4ED6-8439-2C2D69D462DE}.Debug|x86.Build.0 = Debug|Win32
		{B1A3513F-5379-4ED6-8439-2C2D69D462DE}.Release|x64.ActiveCfg = Release|x64
		{B1A3513F-5379-4ED6-8439-2C2D69D462DE}.Release|x64.Build.0 = Release|x64
		{B1A3513F-5379-4ED6-8439-2C2D69D462DE}.Release|x86.ActiveCfg = Release|Win32
		{B1A3513F-5379-4ED6-8439-2C2D69D462DE}.Release|x86.Build.0 = Release|Win32
	EndGlobalSection
	GlobalSection(SolutionProperties) = preSolution
		HideSolutionNode = FALSE
	EndGlobalSection
	GlobalSection(ExtensibilityGlobals) = postSolution
		SolutionGuid = {91331990-1C48-4434-9C73-59AD668AE38F}
	EndGlobalSection
EndGlobal
